
Microsoft Visual Studio Solution File, Format Version 12.00
# Visual Studio 2013
VisualStudioVersion = 12.0.40629.0
MinimumVisualStudioVersion = 10.0.40219.1
Project("{FAE04EC0-301F-11D3-BF4B-00C04F79EFBC}") = "ContactForm.Droid", "ContactForm\ContactForm.Droid\ContactForm.Droid.csproj", "{0F71C7E8-D5C2-4998-B602-DE2009BD8222}"
EndProject
Project("{FAE04EC0-301F-11D3-BF4B-00C04F79EFBC}") = "ContactForm.iOS", "ContactForm\ContactForm.iOS\ContactForm.iOS.csproj", "{40DE4DB8-AE4A-4CB1-9A56-5BA4E75731F5}"
EndProject
Project("{FAE04EC0-301F-11D3-BF4B-00C04F79EFBC}") = "ContactForm.WinPhone", "ContactForm\ContactForm.WinPhone\ContactForm.WinPhone.csproj", "{7A485806-F2E1-444D-A016-71CB6974E588}"
EndProject
Project("{FAE04EC0-301F-11D3-BF4B-00C04F79EFBC}") = "ContactForm", "ContactForm\ContactForm\ContactForm.csproj", "{A0275BA1-D700-4F98-AF89-C8ACD78E3FBD}"
EndProject
Global
	GlobalSection(SolutionConfigurationPlatforms) = preSolution
		Ad-Hoc|Any CPU = Ad-Hoc|Any CPU
		Ad-Hoc|ARM = Ad-Hoc|ARM
		Ad-Hoc|iPhone = Ad-Hoc|iPhone
		Ad-Hoc|iPhoneSimulator = Ad-Hoc|iPhoneSimulator
		Ad-Hoc|Mixed Platforms = Ad-Hoc|Mixed Platforms
		Ad-Hoc|x86 = Ad-Hoc|x86
		AppStore|Any CPU = AppStore|Any CPU
		AppStore|ARM = AppStore|ARM
		AppStore|iPhone = AppStore|iPhone
		AppStore|iPhoneSimulator = AppStore|iPhoneSimulator
		AppStore|Mixed Platforms = AppStore|Mixed Platforms
		AppStore|x86 = AppStore|x86
		Debug|Any CPU = Debug|Any CPU
		Debug|ARM = Debug|ARM
		Debug|iPhone = Debug|iPhone
		Debug|iPhoneSimulator = Debug|iPhoneSimulator
		Debug|Mixed Platforms = Debug|Mixed Platforms
		Debug|x86 = Debug|x86
		Release|Any CPU = Release|Any CPU
		Release|ARM = Release|ARM
		Release|iPhone = Release|iPhone
		Release|iPhoneSimulator = Release|iPhoneSimulator
		Release|Mixed Platforms = Release|Mixed Platforms
		Release|x86 = Release|x86
	EndGlobalSection
	GlobalSection(ProjectConfigurationPlatforms) = postSolution
		{0F71C7E8-D5C2-4998-B602-DE2009BD8222}.Ad-Hoc|Any CPU.ActiveCfg = Release|Any CPU
		{0F71C7E8-D5C2-4998-B602-DE2009BD8222}.Ad-Hoc|Any CPU.Build.0 = Release|Any CPU
		{0F71C7E8-D5C2-4998-B602-DE2009BD8222}.Ad-Hoc|Any CPU.Deploy.0 = Release|Any CPU
		{0F71C7E8-D5C2-4998-B602-DE2009BD8222}.Ad-Hoc|ARM.ActiveCfg = Release|Any CPU
		{0F71C7E8-D5C2-4998-B602-DE2009BD8222}.Ad-Hoc|iPhone.ActiveCfg = Release|Any CPU
		{0F71C7E8-D5C2-4998-B602-DE2009BD8222}.Ad-Hoc|iPhoneSimulator.ActiveCfg = Release|Any CPU
		{0F71C7E8-D5C2-4998-B602-DE2009BD8222}.Ad-Hoc|Mixed Platforms.ActiveCfg = Release|Any CPU
		{0F71C7E8-D5C2-4998-B602-DE2009BD8222}.Ad-Hoc|Mixed Platforms.Build.0 = Release|Any CPU
		{0F71C7E8-D5C2-4998-B602-DE2009BD8222}.Ad-Hoc|Mixed Platforms.Deploy.0 = Release|Any CPU
		{0F71C7E8-D5C2-4998-B602-DE2009BD8222}.Ad-Hoc|x86.ActiveCfg = Release|Any CPU
		{0F71C7E8-D5C2-4998-B602-DE2009BD8222}.AppStore|Any CPU.ActiveCfg = Release|Any CPU
		{0F71C7E8-D5C2-4998-B602-DE2009BD8222}.AppStore|Any CPU.Build.0 = Release|Any CPU
		{0F71C7E8-D5C2-4998-B602-DE2009BD8222}.AppStore|Any CPU.Deploy.0 = Release|Any CPU
		{0F71C7E8-D5C2-4998-B602-DE2009BD8222}.AppStore|ARM.ActiveCfg = Release|Any CPU
		{0F71C7E8-D5C2-4998-B602-DE2009BD8222}.AppStore|iPhone.ActiveCfg = Release|Any CPU
		{0F71C7E8-D5C2-4998-B602-DE2009BD8222}.AppStore|iPhoneSimulator.ActiveCfg = Release|Any CPU
		{0F71C7E8-D5C2-4998-B602-DE2009BD8222}.AppStore|Mixed Platforms.ActiveCfg = Release|Any CPU
		{0F71C7E8-D5C2-4998-B602-DE2009BD8222}.AppStore|Mixed Platforms.Build.0 = Release|Any CPU
		{0F71C7E8-D5C2-4998-B602-DE2009BD8222}.AppStore|Mixed Platforms.Deploy.0 = Release|Any CPU
		{0F71C7E8-D5C2-4998-B602-DE2009BD8222}.AppStore|x86.ActiveCfg = Release|Any CPU
		{0F71C7E8-D5C2-4998-B602-DE2009BD8222}.Debug|Any CPU.ActiveCfg = Debug|Any CPU
		{0F71C7E8-D5C2-4998-B602-DE2009BD8222}.Debug|Any CPU.Build.0 = Debug|Any CPU
		{0F71C7E8-D5C2-4998-B602-DE2009BD8222}.Debug|Any CPU.Deploy.0 = Debug|Any CPU
		{0F71C7E8-D5C2-4998-B602-DE2009BD8222}.Debug|ARM.ActiveCfg = Debug|Any CPU
		{0F71C7E8-D5C2-4998-B602-DE2009BD8222}.Debug|iPhone.ActiveCfg = Debug|Any CPU
		{0F71C7E8-D5C2-4998-B602-DE2009BD8222}.Debug|iPhoneSimulator.ActiveCfg = Debug|Any CPU
		{0F71C7E8-D5C2-4998-B602-DE2009BD8222}.Debug|Mixed Platforms.ActiveCfg = Debug|Any CPU
		{0F71C7E8-D5C2-4998-B602-DE2009BD8222}.Debug|Mixed Platforms.Build.0 = Debug|Any CPU
		{0F71C7E8-D5C2-4998-B602-DE2009BD8222}.Debug|Mixed Platforms.Deploy.0 = Debug|Any CPU
		{0F71C7E8-D5C2-4998-B602-DE2009BD8222}.Debug|x86.ActiveCfg = Debug|Any CPU
		{0F71C7E8-D5C2-4998-B602-DE2009BD8222}.Release|Any CPU.ActiveCfg = Release|Any CPU
		{0F71C7E8-D5C2-4998-B602-DE2009BD8222}.Release|Any CPU.Build.0 = Release|Any CPU
		{0F71C7E8-D5C2-4998-B602-DE2009BD8222}.Release|Any CPU.Deploy.0 = Release|Any CPU
		{0F71C7E8-D5C2-4998-B602-DE2009BD8222}.Release|ARM.ActiveCfg = Release|Any CPU
		{0F71C7E8-D5C2-4998-B602-DE2009BD8222}.Release|iPhone.ActiveCfg = Release|Any CPU
		{0F71C7E8-D5C2-4998-B602-DE2009BD8222}.Release|iPhoneSimulator.ActiveCfg = Release|Any CPU
		{0F71C7E8-D5C2-4998-B602-DE2009BD8222}.Release|Mixed Platforms.ActiveCfg = Release|Any CPU
		{0F71C7E8-D5C2-4998-B602-DE2009BD8222}.Release|Mixed Platforms.Build.0 = Release|Any CPU
		{0F71C7E8-D5C2-4998-B602-DE2009BD8222}.Release|Mixed Platforms.Deploy.0 = Release|Any CPU
		{0F71C7E8-D5C2-4998-B602-DE2009BD8222}.Release|x86.ActiveCfg = Release|Any CPU
		{40DE4DB8-AE4A-4CB1-9A56-5BA4E75731F5}.Ad-Hoc|Any CPU.ActiveCfg = Ad-Hoc|iPhone
		{40DE4DB8-AE4A-4CB1-9A56-5BA4E75731F5}.Ad-Hoc|ARM.ActiveCfg = Ad-Hoc|iPhone
		{40DE4DB8-AE4A-4CB1-9A56-5BA4E75731F5}.Ad-Hoc|iPhone.ActiveCfg = Ad-Hoc|iPhone
		{40DE4DB8-AE4A-4CB1-9A56-5BA4E75731F5}.Ad-Hoc|iPhone.Build.0 = Ad-Hoc|iPhone
		{40DE4DB8-AE4A-4CB1-9A56-5BA4E75731F5}.Ad-Hoc|iPhoneSimulator.ActiveCfg = Ad-Hoc|iPhoneSimulator
		{40DE4DB8-AE4A-4CB1-9A56-5BA4E75731F5}.Ad-Hoc|iPhoneSimulator.Build.0 = Ad-Hoc|iPhoneSimulator
		{40DE4DB8-AE4A-4CB1-9A56-5BA4E75731F5}.Ad-Hoc|Mixed Platforms.ActiveCfg = Ad-Hoc|iPhone
		{40DE4DB8-AE4A-4CB1-9A56-5BA4E75731F5}.Ad-Hoc|Mixed Platforms.Build.0 = Ad-Hoc|iPhone
		{40DE4DB8-AE4A-4CB1-9A56-5BA4E75731F5}.Ad-Hoc|x86.ActiveCfg = Ad-Hoc|iPhone
		{40DE4DB8-AE4A-4CB1-9A56-5BA4E75731F5}.AppStore|Any CPU.ActiveCfg = AppStore|iPhone
		{40DE4DB8-AE4A-4CB1-9A56-5BA4E75731F5}.AppStore|ARM.ActiveCfg = AppStore|iPhone
		{40DE4DB8-AE4A-4CB1-9A56-5BA4E75731F5}.AppStore|iPhone.ActiveCfg = AppStore|iPhone
		{40DE4DB8-AE4A-4CB1-9A56-5BA4E75731F5}.AppStore|iPhone.Build.0 = AppStore|iPhone
		{40DE4DB8-AE4A-4CB1-9A56-5BA4E75731F5}.AppStore|iPhoneSimulator.ActiveCfg = AppStore|iPhoneSimulator
		{40DE4DB8-AE4A-4CB1-9A56-5BA4E75731F5}.AppStore|iPhoneSimulator.Build.0 = AppStore|iPhoneSimulator
		{40DE4DB8-AE4A-4CB1-9A56-5BA4E75731F5}.AppStore|Mixed Platforms.ActiveCfg = AppStore|iPhone
		{40DE4DB8-AE4A-4CB1-9A56-5BA4E75731F5}.AppStore|Mixed Platforms.Build.0 = AppStore|iPhone
		{40DE4DB8-AE4A-4CB1-9A56-5BA4E75731F5}.AppStore|x86.ActiveCfg = AppStore|iPhone
		{40DE4DB8-AE4A-4CB1-9A56-5BA4E75731F5}.Debug|Any CPU.ActiveCfg = Debug|iPhone
		{40DE4DB8-AE4A-4CB1-9A56-5BA4E75731F5}.Debug|ARM.ActiveCfg = Debug|iPhone
		{40DE4DB8-AE4A-4CB1-9A56-5BA4E75731F5}.Debug|iPhone.ActiveCfg = Debug|iPhone
		{40DE4DB8-AE4A-4CB1-9A56-5BA4E75731F5}.Debug|iPhone.Build.0 = Debug|iPhone
		{40DE4DB8-AE4A-4CB1-9A56-5BA4E75731F5}.Debug|iPhoneSimulator.ActiveCfg = Debug|iPhoneSimulator
		{40DE4DB8-AE4A-4CB1-9A56-5BA4E75731F5}.Debug|iPhoneSimulator.Build.0 = Debug|iPhoneSimulator
		{40DE4DB8-AE4A-4CB1-9A56-5BA4E75731F5}.Debug|Mixed Platforms.ActiveCfg = Debug|iPhone
		{40DE4DB8-AE4A-4CB1-9A56-5BA4E75731F5}.Debug|Mixed Platforms.Build.0 = Debug|iPhone
		{40DE4DB8-AE4A-4CB1-9A56-5BA4E75731F5}.Debug|x86.ActiveCfg = Debug|iPhone
		{40DE4DB8-AE4A-4CB1-9A56-5BA4E75731F5}.Release|Any CPU.ActiveCfg = Release|iPhone
		{40DE4DB8-AE4A-4CB1-9A56-5BA4E75731F5}.Release|ARM.ActiveCfg = Release|iPhone
		{40DE4DB8-AE4A-4CB1-9A56-5BA4E75731F5}.Release|iPhone.ActiveCfg = Release|iPhone
		{40DE4DB8-AE4A-4CB1-9A56-5BA4E75731F5}.Release|iPhone.Build.0 = Release|iPhone
		{40DE4DB8-AE4A-4CB1-9A56-5BA4E75731F5}.Release|iPhoneSimulator.ActiveCfg = Release|iPhoneSimulator
		{40DE4DB8-AE4A-4CB1-9A56-5BA4E75731F5}.Release|iPhoneSimulator.Build.0 = Release|iPhoneSimulator
		{40DE4DB8-AE4A-4CB1-9A56-5BA4E75731F5}.Release|Mixed Platforms.ActiveCfg = Release|iPhone
		{40DE4DB8-AE4A-4CB1-9A56-5BA4E75731F5}.Release|Mixed Platforms.Build.0 = Release|iPhone
		{40DE4DB8-AE4A-4CB1-9A56-5BA4E75731F5}.Release|x86.ActiveCfg = Release|iPhone
		{7A485806-F2E1-444D-A016-71CB6974E588}.Ad-Hoc|Any CPU.ActiveCfg = Release|Any CPU
		{7A485806-F2E1-444D-A016-71CB6974E588}.Ad-Hoc|Any CPU.Build.0 = Release|Any CPU
		{7A485806-F2E1-444D-A016-71CB6974E588}.Ad-Hoc|Any CPU.Deploy.0 = Release|Any CPU
		{7A485806-F2E1-444D-A016-71CB6974E588}.Ad-Hoc|ARM.ActiveCfg = Release|ARM
		{7A485806-F2E1-444D-A016-71CB6974E588}.Ad-Hoc|ARM.Build.0 = Release|ARM
		{7A485806-F2E1-444D-A016-71CB6974E588}.Ad-Hoc|ARM.Deploy.0 = Release|ARM
		{7A485806-F2E1-444D-A016-71CB6974E588}.Ad-Hoc|iPhone.ActiveCfg = Release|Any CPU
		{7A485806-F2E1-444D-A016-71CB6974E588}.Ad-Hoc|iPhoneSimulator.ActiveCfg = Release|Any CPU
		{7A485806-F2E1-444D-A016-71CB6974E588}.Ad-Hoc|Mixed Platforms.ActiveCfg = Release|x86
		{7A485806-F2E1-444D-A016-71CB6974E588}.Ad-Hoc|Mixed Platforms.Build.0 = Release|x86
		{7A485806-F2E1-444D-A016-71CB6974E588}.Ad-Hoc|Mixed Platforms.Deploy.0 = Release|x86
		{7A485806-F2E1-444D-A016-71CB6974E588}.Ad-Hoc|x86.ActiveCfg = Release|x86
		{7A485806-F2E1-444D-A016-71CB6974E588}.Ad-Hoc|x86.Build.0 = Release|x86
		{7A485806-F2E1-444D-A016-71CB6974E588}.Ad-Hoc|x86.Deploy.0 = Release|x86
		{7A485806-F2E1-444D-A016-71CB6974E588}.AppStore|Any CPU.ActiveCfg = Release|Any CPU
		{7A485806-F2E1-444D-A016-71CB6974E588}.AppStore|Any CPU.Build.0 = Release|Any CPU
		{7A485806-F2E1-444D-A016-71CB6974E588}.AppStore|Any CPU.Deploy.0 = Release|Any CPU
		{7A485806-F2E1-444D-A016-71CB6974E588}.AppStore|ARM.ActiveCfg = Release|ARM
		{7A485806-F2E1-444D-A016-71CB6974E588}.AppStore|ARM.Build.0 = Release|ARM
		{7A485806-F2E1-444D-A016-71CB6974E588}.AppStore|ARM.Deploy.0 = Release|ARM
		{7A485806-F2E1-444D-A016-71CB6974E588}.AppStore|iPhone.ActiveCfg = Release|Any CPU
		{7A485806-F2E1-444D-A016-71CB6974E588}.AppStore|iPhoneSimulator.ActiveCfg = Release|Any CPU
		{7A485806-F2E1-444D-A016-71CB6974E588}.AppStore|Mixed Platforms.ActiveCfg = Release|x86
		{7A485806-F2E1-444D-A016-71CB6974E588}.AppStore|Mixed Platforms.Build.0 = Release|x86
		{7A485806-F2E1-444D-A016-71CB6974E588}.AppStore|Mixed Platforms.Deploy.0 = Release|x86
		{7A485806-F2E1-444D-A016-71CB6974E588}.AppStore|x86.ActiveCfg = Release|x86
		{7A485806-F2E1-444D-A016-71CB6974E588}.AppStore|x86.Build.0 = Release|x86
		{7A485806-F2E1-444D-A016-71CB6974E588}.AppStore|x86.Deploy.0 = Release|x86
		{7A485806-F2E1-444D-A016-71CB6974E588}.Debug|Any CPU.ActiveCfg = Debug|Any CPU
		{7A485806-F2E1-444D-A016-71CB6974E588}.Debug|Any CPU.Build.0 = Debug|Any CPU
		{7A485806-F2E1-444D-A016-71CB6974E588}.Debug|Any CPU.Deploy.0 = Debug|Any CPU
		{7A485806-F2E1-444D-A016-71CB6974E588}.Debug|ARM.ActiveCfg = Debug|ARM
		{7A485806-F2E1-444D-A016-71CB6974E588}.Debug|ARM.Build.0 = Debug|ARM
		{7A485806-F2E1-444D-A016-71CB6974E588}.Debug|ARM.Deploy.0 = Debug|ARM
		{7A485806-F2E1-444D-A016-71CB6974E588}.Debug|iPhone.ActiveCfg = Debug|Any CPU
		{7A485806-F2E1-444D-A016-71CB6974E588}.Debug|iPhoneSimulator.ActiveCfg = Debug|Any CPU
		{7A485806-F2E1-444D-A016-71CB6974E588}.Debug|Mixed Platforms.ActiveCfg = Debug|x86
		{7A485806-F2E1-444D-A016-71CB6974E588}.Debug|Mixed Platforms.Build.0 = Debug|x86
		{7A485806-F2E1-444D-A016-71CB6974E588}.Debug|Mixed Platforms.Deploy.0 = Debug|x86
		{7A485806-F2E1-444D-A016-71CB6974E588}.Debug|x86.ActiveCfg = Debug|x86
		{7A485806-F2E1-444D-A016-71CB6974E588}.Debug|x86.Build.0 = Debug|x86
		{7A485806-F2E1-444D-A016-71CB6974E588}.Debug|x86.Deploy.0 = Debug|x86
		{7A485806-F2E1-444D-A016-71CB6974E588}.Release|Any CPU.ActiveCfg = Release|Any CPU
		{7A485806-F2E1-444D-A016-71CB6974E588}.Release|Any CPU.Build.0 = Release|Any CPU
		{7A485806-F2E1-444D-A016-71CB6974E588}.Release|Any CPU.Deploy.0 = Release|Any CPU
		{7A485806-F2E1-444D-A016-71CB6974E588}.Release|ARM.ActiveCfg = Release|ARM
		{7A485806-F2E1-444D-A016-71CB6974E588}.Release|ARM.Build.0 = Release|ARM
		{7A485806-F2E1-444D-A016-71CB6974E588}.Release|ARM.Deploy.0 = Release|ARM
		{7A485806-F2E1-444D-A016-71CB6974E588}.Release|iPhone.ActiveCfg = Release|Any CPU
		{7A485806-F2E1-444D-A016-71CB6974E588}.Release|iPhoneSimulator.ActiveCfg = Release|Any CPU
		{7A485806-F2E1-444D-A016-71CB6974E588}.Release|Mixed Platforms.ActiveCfg = Release|x86
		{7A485806-F2E1-444D-A016-71CB6974E588}.Release|Mixed Platforms.Build.0 = Release|x86
		{7A485806-F2E1-444D-A016-71CB6974E588}.Release|Mixed Platforms.Deploy.0 = Release|x86
		{7A485806-F2E1-444D-A016-71CB6974E588}.Release|x86.ActiveCfg = Release|x86
		{7A485806-F2E1-444D-A016-71CB6974E588}.Release|x86.Build.0 = Release|x86
		{7A485806-F2E1-444D-A016-71CB6974E588}.Release|x86.Deploy.0 = Release|x86
		{A0275BA1-D700-4F98-AF89-C8ACD78E3FBD}.Ad-Hoc|Any CPU.ActiveCfg = Release|Any CPU
		{A0275BA1-D700-4F98-AF89-C8ACD78E3FBD}.Ad-Hoc|Any CPU.Build.0 = Release|Any CPU
		{A0275BA1-D700-4F98-AF89-C8ACD78E3FBD}.Ad-Hoc|ARM.ActiveCfg = Release|Any CPU
		{A0275BA1-D700-4F98-AF89-C8ACD78E3FBD}.Ad-Hoc|iPhone.ActiveCfg = Release|Any CPU
		{A0275BA1-D700-4F98-AF89-C8ACD78E3FBD}.Ad-Hoc|iPhone.Build.0 = Release|Any CPU
		{A0275BA1-D700-4F98-AF89-C8ACD78E3FBD}.Ad-Hoc|iPhoneSimulator.ActiveCfg = Release|Any CPU
		{A0275BA1-D700-4F98-AF89-C8ACD78E3FBD}.Ad-Hoc|iPhoneSimulator.Build.0 = Release|Any CPU
		{A0275BA1-D700-4F98-AF89-C8ACD78E3FBD}.Ad-Hoc|Mixed Platforms.ActiveCfg = Release|Any CPU
		{A0275BA1-D700-4F98-AF89-C8ACD78E3FBD}.Ad-Hoc|Mixed Platforms.Build.0 = Release|Any CPU
		{A0275BA1-D700-4F98-AF89-C8ACD78E3FBD}.Ad-Hoc|x86.ActiveCfg = Release|Any CPU
		{A0275BA1-D700-4F98-AF89-C8ACD78E3FBD}.AppStore|Any CPU.ActiveCfg = Release|Any CPU
		{A0275BA1-D700-4F98-AF89-C8ACD78E3FBD}.AppStore|Any CPU.Build.0 = Release|Any CPU
		{A0275BA1-D700-4F98-AF89-C8ACD78E3FBD}.AppStore|ARM.ActiveCfg = Release|Any CPU
		{A0275BA1-D700-4F98-AF89-C8ACD78E3FBD}.AppStore|iPhone.ActiveCfg = Release|Any CPU
		{A0275BA1-D700-4F98-AF89-C8ACD78E3FBD}.AppStore|iPhone.Build.0 = Release|Any CPU
		{A0275BA1-D700-4F98-AF89-C8ACD78E3FBD}.AppStore|iPhoneSimulator.ActiveCfg = Release|Any CPU
		{A0275BA1-D700-4F98-AF89-C8ACD78E3FBD}.AppStore|iPhoneSimulator.Build.0 = Release|Any CPU
		{A0275BA1-D700-4F98-AF89-C8ACD78E3FBD}.AppStore|Mixed Platforms.ActiveCfg = Release|Any CPU
		{A0275BA1-D700-4F98-AF89-C8ACD78E3FBD}.AppStore|Mixed Platforms.Build.0 = Release|Any CPU
		{A0275BA1-D700-4F98-AF89-C8ACD78E3FBD}.AppStore|x86.ActiveCfg = Release|Any CPU
		{A0275BA1-D700-4F98-AF89-C8ACD78E3FBD}.Debug|Any CPU.ActiveCfg = Debug|Any CPU
		{A0275BA1-D700-4F98-AF89-C8ACD78E3FBD}.Debug|Any CPU.Build.0 = Debug|Any CPU
		{A0275BA1-D700-4F98-AF89-C8ACD78E3FBD}.Debug|ARM.ActiveCfg = Debug|Any CPU
		{A0275BA1-D700-4F98-AF89-C8ACD78E3FBD}.Debug|iPhone.ActiveCfg = Debug|Any CPU
		{A0275BA1-D700-4F98-AF89-C8ACD78E3FBD}.Debug|iPhone.Build.0 = Debug|Any CPU
		{A0275BA1-D700-4F98-AF89-C8ACD78E3FBD}.Debug|iPhoneSimulator.ActiveCfg = Debug|Any CPU
		{A0275BA1-D700-4F98-AF89-C8ACD78E3FBD}.Debug|iPhoneSimulator.Build.0 = Debug|Any CPU
		{A0275BA1-D700-4F98-AF89-C8ACD78E3FBD}.Debug|Mixed Platforms.ActiveCfg = Debug|Any CPU
		{A0275BA1-D700-4F98-AF89-C8ACD78E3FBD}.Debug|Mixed Platforms.Build.0 = Debug|Any CPU
		{A0275BA1-D700-4F98-AF89-C8ACD78E3FBD}.Debug|x86.ActiveCfg = Debug|Any CPU
		{A0275BA1-D700-4F98-AF89-C8ACD78E3FBD}.Release|Any CPU.ActiveCfg = Release|Any CPU
		{A0275BA1-D700-4F98-AF89-C8ACD78E3FBD}.Release|Any CPU.Build.0 = Release|Any CPU
		{A0275BA1-D700-4F98-AF89-C8ACD78E3FBD}.Release|ARM.ActiveCfg = Release|Any CPU
		{A0275BA1-D700-4F98-AF89-C8ACD78E3FBD}.Release|iPhone.ActiveCfg = Release|Any CPU
		{A0275BA1-D700-4F98-AF89-C8ACD78E3FBD}.Release|iPhone.Build.0 = Release|Any CPU
		{A0275BA1-D700-4F98-AF89-C8ACD78E3FBD}.Release|iPhoneSimulator.ActiveCfg = Release|Any CPU
		{A0275BA1-D700-4F98-AF89-C8ACD78E3FBD}.Release|iPhoneSimulator.Build.0 = Release|Any CPU
		{A0275BA1-D700-4F98-AF89-C8ACD78E3FBD}.Release|Mixed Platforms.ActiveCfg = Release|Any CPU
		{A0275BA1-D700-4F98-AF89-C8ACD78E3FBD}.Release|Mixed Platforms.Build.0 = Release|Any CPU
		{A0275BA1-D700-4F98-AF89-C8ACD78E3FBD}.Release|x86.ActiveCfg = Release|Any CPU
	EndGlobalSection
	GlobalSection(SolutionProperties) = preSolution
		HideSolutionNode = FALSE
	EndGlobalSection
EndGlobal
